{
  "name": "test",
  "lockfileVersion": 2,
  "requires": true,
  "packages": {
    "": {
      "dependencies": {
        "animate.css": "^4.1.1",
        "izimodal": "^1.6.1",
        "scrollmagic": "^2.0.8",
        "wow.js": "^1.2.2"
      }
    },
    "node_modules/animate.css": {
      "version": "4.1.1",
      "resolved": "https://registry.npmjs.org/animate.css/-/animate.css-4.1.1.tgz",
      "integrity": "sha512-+mRmCTv6SbCmtYJCN4faJMNFVNN5EuCTTprDTAo7YzIGji2KADmakjVA3+8mVDkZ2Bf09vayB35lSQIex2+QaQ=="
    },
    "node_modules/izimodal": {
      "version": "1.6.1",
      "resolved": "https://registry.npmjs.org/izimodal/-/izimodal-1.6.1.tgz",
      "integrity": "sha512-PwaeHMjSgP7hte0/Hx4zI1ew7zEIDuJSp28ZvRb23FbfJ9wLZX2Dy2dT+7w8mli4650WJaIuXZsMnHBLKwreMQ==",
      "dependencies": {
        "jquery": "~3"
      }
    },
    "node_modules/jquery": {
      "version": "3.6.1",
      "resolved": "https://registry.npmjs.org/jquery/-/jquery-3.6.1.tgz",
      "integrity": "sha512-opJeO4nCucVnsjiXOE+/PcCgYw9Gwpvs/a6B1LL/lQhwWwpbVEVYDZ1FokFr8PRc7ghYlrFPuyHuiiDNTQxmcw=="
    },
    "node_modules/scrollmagic": {
      "version": "2.0.8",
      "resolved": "https://registry.npmjs.org/scrollmagic/-/scrollmagic-2.0.8.tgz",
      "integrity": "sha512-UYXEGBPVLziovXl3FjHGkY9c4UXKUKopIdXwWR2JapWxCo0U345wYegi7rcsv5vHf/ktc1bSNWy4QRFiV+Yccw==",
      "engines": {
        "node": ">=0.10.x"
      }
    },
    "node_modules/wow.js": {
      "version": "1.2.2",
      "resolved": "https://registry.npmjs.org/wow.js/-/wow.js-1.2.2.tgz",
      "integrity": "sha512-YTW9eiZimHCJDWofsiz2507txaPteUiQD461I/D8533AiRAn3+Y68/1LDuQ3OTgPjagGZLPYKrpoSgjzeQrO6A==",
      "deprecated": "deprecated in favour of aos (Animate On Scroll)"
    }
  },
  "dependencies": {
    "animate.css": {
      "version": "4.1.1",
      "resolved": "https://registry.npmjs.org/animate.css/-/animate.css-4.1.1.tgz",
      "integrity": "sha512-+mRmCTv6SbCmtYJCN4faJMNFVNN5EuCTTprDTAo7YzIGji2KADmakjVA3+8mVDkZ2Bf09vayB35lSQIex2+QaQ=="
    },
    "izimodal": {
      "version": "1.6.1",
      "resolved": "https://registry.npmjs.org/izimodal/-/izimodal-1.6.1.tgz",
      "integrity": "sha512-PwaeHMjSgP7hte0/Hx4zI1ew7zEIDuJSp28ZvRb23FbfJ9wLZX2Dy2dT+7w8mli4650WJaIuXZsMnHBLKwreMQ==",
      "requires": {
        "jquery": "~3"
      }
    },
    "jquery": {
      "version": "3.6.1",
      "resolved": "https://registry.npmjs.org/jquery/-/jquery-3.6.1.tgz",
      "integrity": "sha512-opJeO4nCucVnsjiXOE+/PcCgYw9Gwpvs/a6B1LL/lQhwWwpbVEVYDZ1FokFr8PRc7ghYlrFPuyHuiiDNTQxmcw=="
    },
    "scrollmagic": {
      "version": "2.0.8",
      "resolved": "https://registry.npmjs.org/scrollmagic/-/scrollmagic-2.0.8.tgz",
      "integrity": "sha512-UYXEGBPVLziovXl3FjHGkY9c4UXKUKopIdXwWR2JapWxCo0U345wYegi7rcsv5vHf/ktc1bSNWy4QRFiV+Yccw=="
    },
    "wow.js": {
      "version": "1.2.2",
      "resolved": "https://registry.npmjs.org/wow.js/-/wow.js-1.2.2.tgz",
      "integrity": "sha512-YTW9eiZimHCJDWofsiz2507txaPteUiQD461I/D8533AiRAn3+Y68/1LDuQ3OTgPjagGZLPYKrpoSgjzeQrO6A=="
    }
  }
}
